// !$*UTF8*$!
{
	archiveVersion = 1;
	classes = {
	};
	objectVersion = 56;
	objects = {

/* Begin PBXBuildFile section */
		A65CC0682C3DCFFE00AD1711 /* ScoutingReportApp.swift in Sources */ = {isa = PBXBuildFile; fileRef = A65CC0672C3DCFFE00AD1711 /* ScoutingReportApp.swift */; };
		A65CC06C2C3DD00000AD1711 /* Assets.xcassets in Resources */ = {isa = PBXBuildFile; fileRef = A65CC06B2C3DD00000AD1711 /* Assets.xcassets */; };
		A65CC06F2C3DD00000AD1711 /* Preview Assets.xcassets in Resources */ = {isa = PBXBuildFile; fileRef = A65CC06E2C3DD00000AD1711 /* Preview Assets.xcassets */; };
		A65CC07A2C3DD0BB00AD1711 /* MainView.swift in Sources */ = {isa = PBXBuildFile; fileRef = A65CC0792C3DD0BB00AD1711 /* MainView.swift */; };
		A65CC07C2C3DD10900AD1711 /* launch.storyboard in Resources */ = {isa = PBXBuildFile; fileRef = A65CC07B2C3DD10900AD1711 /* launch.storyboard */; };
		A65CC07E2C3DD2E000AD1711 /* ScoutView.swift in Sources */ = {isa = PBXBuildFile; fileRef = A65CC07D2C3DD2DF00AD1711 /* ScoutView.swift */; };
		A65CC0802C3DD2E900AD1711 /* HistoryView.swift in Sources */ = {isa = PBXBuildFile; fileRef = A65CC07F2C3DD2E900AD1711 /* HistoryView.swift */; };
		A65CC0822C3DD37700AD1711 /* ProfileView.swift in Sources */ = {isa = PBXBuildFile; fileRef = A65CC0812C3DD37700AD1711 /* ProfileView.swift */; };
		A65CC0842C3DD3DF00AD1711 /* ScoutViewViewModel.swift in Sources */ = {isa = PBXBuildFile; fileRef = A65CC0832C3DD3DF00AD1711 /* ScoutViewViewModel.swift */; };
		A65CC08A2C3DD40E00AD1711 /* HistoryViewViewModel.swift in Sources */ = {isa = PBXBuildFile; fileRef = A65CC0892C3DD40E00AD1711 /* HistoryViewViewModel.swift */; };
		A65CC08C2C3DD43500AD1711 /* ImagePicker.swift in Sources */ = {isa = PBXBuildFile; fileRef = A65CC08B2C3DD43500AD1711 /* ImagePicker.swift */; };
/* End PBXBuildFile section */

/* Begin PBXFileReference section */
		A65CC0642C3DCFFE00AD1711 /* ScoutingReport.app */ = {isa = PBXFileReference; explicitFileType = wrapper.application; includeInIndex = 0; path = ScoutingReport.app; sourceTree = BUILT_PRODUCTS_DIR; };
		A65CC0672C3DCFFE00AD1711 /* ScoutingReportApp.swift */ = {isa = PBXFileReference; lastKnownFileType = sourcecode.swift; path = ScoutingReportApp.swift; sourceTree = "<group>"; };
		A65CC06B2C3DD00000AD1711 /* Assets.xcassets */ = {isa = PBXFileReference; lastKnownFileType = folder.assetcatalog; path = Assets.xcassets; sourceTree = "<group>"; };
		A65CC06E2C3DD00000AD1711 /* Preview Assets.xcassets */ = {isa = PBXFileReference; lastKnownFileType = folder.assetcatalog; path = "Preview Assets.xcassets"; sourceTree = "<group>"; };
		A65CC0792C3DD0BB00AD1711 /* MainView.swift */ = {isa = PBXFileReference; lastKnownFileType = sourcecode.swift; path = MainView.swift; sourceTree = "<group>"; };
		A65CC07B2C3DD10900AD1711 /* launch.storyboard */ = {isa = PBXFileReference; lastKnownFileType = file.storyboard; path = launch.storyboard; sourceTree = "<group>"; };
		A65CC07D2C3DD2DF00AD1711 /* ScoutView.swift */ = {isa = PBXFileReference; lastKnownFileType = sourcecode.swift; path = ScoutView.swift; sourceTree = "<group>"; };
		A65CC07F2C3DD2E900AD1711 /* HistoryView.swift */ = {isa = PBXFileReference; lastKnownFileType = sourcecode.swift; path = HistoryView.swift; sourceTree = "<group>"; };
		A65CC0812C3DD37700AD1711 /* ProfileView.swift */ = {isa = PBXFileReference; lastKnownFileType = sourcecode.swift; path = ProfileView.swift; sourceTree = "<group>"; };
		A65CC0832C3DD3DF00AD1711 /* ScoutViewViewModel.swift */ = {isa = PBXFileReference; lastKnownFileType = sourcecode.swift; path = ScoutViewViewModel.swift; sourceTree = "<group>"; };
		A65CC0892C3DD40E00AD1711 /* HistoryViewViewModel.swift */ = {isa = PBXFileReference; lastKnownFileType = sourcecode.swift; path = HistoryViewViewModel.swift; sourceTree = "<group>"; };
		A65CC08B2C3DD43500AD1711 /* ImagePicker.swift */ = {isa = PBXFileReference; lastKnownFileType = sourcecode.swift; path = ImagePicker.swift; sourceTree = "<group>"; };
/* End PBXFileReference section */

/* Begin PBXFrameworksBuildPhase section */
		A65CC0612C3DCFFE00AD1711 /* Frameworks */ = {
			isa = PBXFrameworksBuildPhase;
			buildActionMask = 2147483647;
			files = (
			);
			runOnlyForDeploymentPostprocessing = 0;
		};
/* End PBXFrameworksBuildPhase section */

/* Begin PBXGroup section */
		A65CC05B2C3DCFFE00AD1711 = {
			isa = PBXGroup;
			children = (
				A65CC0662C3DCFFE00AD1711 /* ScoutingReport */,
				A65CC0652C3DCFFE00AD1711 /* Products */,
			);
			sourceTree = "<group>";
		};
		A65CC0652C3DCFFE00AD1711 /* Products */ = {
			isa = PBXGroup;
			children = (
				A65CC0642C3DCFFE00AD1711 /* ScoutingReport.app */,
			);
			name = Products;
			sourceTree = "<group>";
		};
		A65CC0662C3DCFFE00AD1711 /* ScoutingReport */ = {
			isa = PBXGroup;
			children = (
				A65CC0772C3DD08B00AD1711 /* Other */,
				A65CC0762C3DD08500AD1711 /* ViewModels */,
				A65CC0752C3DD08000AD1711 /* Views */,
				A65CC06D2C3DD00000AD1711 /* Preview Content */,
			);
			path = ScoutingReport;
			sourceTree = "<group>";
		};
		A65CC06D2C3DD00000AD1711 /* Preview Content */ = {
			isa = PBXGroup;
			children = (
				A65CC06E2C3DD00000AD1711 /* Preview Assets.xcassets */,
			);
			path = "Preview Content";
			sourceTree = "<group>";
		};
		A65CC0752C3DD08000AD1711 /* Views */ = {
			isa = PBXGroup;
			children = (
				A65CC0792C3DD0BB00AD1711 /* MainView.swift */,
				A65CC07D2C3DD2DF00AD1711 /* ScoutView.swift */,
				A65CC07F2C3DD2E900AD1711 /* HistoryView.swift */,
				A65CC0812C3DD37700AD1711 /* ProfileView.swift */,
			);
			path = Views;
			sourceTree = "<group>";
		};
		A65CC0762C3DD08500AD1711 /* ViewModels */ = {
			isa = PBXGroup;
			children = (
				A65CC0832C3DD3DF00AD1711 /* ScoutViewViewModel.swift */,
				A65CC0892C3DD40E00AD1711 /* HistoryViewViewModel.swift */,
				A65CC08B2C3DD43500AD1711 /* ImagePicker.swift */,
			);
			path = ViewModels;
			sourceTree = "<group>";
		};
		A65CC0772C3DD08B00AD1711 /* Other */ = {
			isa = PBXGroup;
			children = (
				A65CC06B2C3DD00000AD1711 /* Assets.xcassets */,
				A65CC0672C3DCFFE00AD1711 /* ScoutingReportApp.swift */,
				A65CC07B2C3DD10900AD1711 /* launch.storyboard */,
			);
			path = Other;
			sourceTree = "<group>";
		};
/* End PBXGroup section */

/* Begin PBXNativeTarget section */
		A65CC0632C3DCFFE00AD1711 /* ScoutingReport */ = {
			isa = PBXNativeTarget;
			buildConfigurationList = A65CC0722C3DD00000AD1711 /* Build configuration list for PBXNativeTarget "ScoutingReport" */;
			buildPhases = (
				A65CC0602C3DCFFE00AD1711 /* Sources */,
				A65CC0612C3DCFFE00AD1711 /* Frameworks */,
				A65CC0622C3DCFFE00AD1711 /* Resources */,
			);
			buildRules = (
			);
			dependencies = (
			);
			name = ScoutingReport;
			productName = ScoutingReport;
			productReference = A65CC0642C3DCFFE00AD1711 /* ScoutingReport.app */;
			productType = "com.apple.product-type.application";
		};
/* End PBXNativeTarget section */

/* Begin PBXProject section */
		A65CC05C2C3DCFFE00AD1711 /* Project object */ = {
			isa = PBXProject;
			attributes = {
				BuildIndependentTargetsInParallel = 1;
				LastSwiftUpdateCheck = 1540;
				LastUpgradeCheck = 1540;
				TargetAttributes = {
					A65CC0632C3DCFFE00AD1711 = {
						CreatedOnToolsVersion = 15.4;
					};
				};
			};
			buildConfigurationList = A65CC05F2C3DCFFE00AD1711 /* Build configuration list for PBXProject "ScoutingReport" */;
			compatibilityVersion = "Xcode 14.0";
			developmentRegion = en;
			hasScannedForEncodings = 0;
			knownRegions = (
				en,
				Base,
			);
			mainGroup = A65CC05B2C3DCFFE00AD1711;
			productRefGroup = A65CC0652C3DCFFE00AD1711 /* Products */;
			projectDirPath = "";
			projectRoot = "";
			targets = (
				A65CC0632C3DCFFE00AD1711 /* ScoutingReport */,
			);
		};
/* End PBXProject section */

/* Begin PBXResourcesBuildPhase section */
		A65CC0622C3DCFFE00AD1711 /* Resources */ = {
			isa = PBXResourcesBuildPhase;
			buildActionMask = 2147483647;
			files = (
				A65CC07C2C3DD10900AD1711 /* launch.storyboard in Resources */,
				A65CC06F2C3DD00000AD1711 /* Preview Assets.xcassets in Resources */,
				A65CC06C2C3DD00000AD1711 /* Assets.xcassets in Resources */,
			);
			runOnlyForDeploymentPostprocessing = 0;
		};
/* End PBXResourcesBuildPhase section */

/* Begin PBXSourcesBuildPhase section */
		A65CC0602C3DCFFE00AD1711 /* Sources */ = {
			isa = PBXSourcesBuildPhase;
			buildActionMask = 2147483647;
			files = (
				A65CC07E2C3DD2E000AD1711 /* ScoutView.swift in Sources */,
				A65CC0802C3DD2E900AD1711 /* HistoryView.swift in Sources */,
				A65CC08A2C3DD40E00AD1711 /* HistoryViewViewModel.swift in Sources */,
				A65CC0822C3DD37700AD1711 /* ProfileView.swift in Sources */,
				A65CC07A2C3DD0BB00AD1711 /* MainView.swift in Sources */,
				A65CC08C2C3DD43500AD1711 /* ImagePicker.swift in Sources */,
				A65CC0842C3DD3DF00AD1711 /* ScoutViewViewModel.swift in Sources */,
				A65CC0682C3DCFFE00AD1711 /* ScoutingReportApp.swift in Sources */,
			);
			runOnlyForDeploymentPostprocessing = 0;
		};
/* End PBXSourcesBuildPhase section */

/* Begin XCBuildConfiguration section */
		A65CC0702C3DD00000AD1711 /* Debug */ = {
			isa = XCBuildConfiguration;
			buildSettings = {
				ALWAYS_SEARCH_USER_PATHS = NO;
				ASSETCATALOG_COMPILER_GENERATE_SWIFT_ASSET_SYMBOL_EXTENSIONS = YES;
				CLANG_ANALYZER_NONNULL = YES;
				CLANG_ANALYZER_NUMBER_OBJECT_CONVERSION = YES_AGGRESSIVE;
				CLANG_CXX_LANGUAGE_STANDARD = "gnu++20";
				CLANG_ENABLE_MODULES = YES;
				CLANG_ENABLE_OBJC_ARC = YES;
				CLANG_ENABLE_OBJC_WEAK = YES;
				CLANG_WARN_BLOCK_CAPTURE_AUTORELEASING = YES;
				CLANG_WARN_BOOL_CONVERSION = YES;
				CLANG_WARN_COMMA = YES;
				CLANG_WARN_CONSTANT_CONVERSION = YES;
				CLANG_WARN_DEPRECATED_OBJC_IMPLEMENTATIONS = YES;
				CLANG_WARN_DIRECT_OBJC_ISA_USAGE = YES_ERROR;
				CLANG_WARN_DOCUMENTATION_COMMENTS = YES;
				CLANG_WARN_EMPTY_BODY = YES;
				CLANG_WARN_ENUM_CONVERSION = YES;
				CLANG_WARN_INFINITE_RECURSION = YES;
				CLANG_WARN_INT_CONVERSION = YES;
				CLANG_WARN_NON_LITERAL_NULL_CONVERSION = YES;
				CLANG_WARN_OBJC_IMPLICIT_RETAIN_SELF = YES;
				CLANG_WARN_OBJC_LITERAL_CONVERSION = YES;
				CLANG_WARN_OBJC_ROOT_CLASS = YES_ERROR;
				CLANG_WARN_QUOTED_INCLUDE_IN_FRAMEWORK_HEADER = YES;
				CLANG_WARN_RANGE_LOOP_ANALYSIS = YES;
				CLANG_WARN_STRICT_PROTOTYPES = YES;
				CLANG_WARN_SUSPICIOUS_MOVE = YES;
				CLANG_WARN_UNGUARDED_AVAILABILITY = YES_AGGRESSIVE;
				CLANG_WARN_UNREACHABLE_CODE = YES;
				CLANG_WARN__DUPLICATE_METHOD_MATCH = YES;
				COPY_PHASE_STRIP = NO;
				DEBUG_INFORMATION_FORMAT = dwarf;
				ENABLE_STRICT_OBJC_MSGSEND = YES;
				ENABLE_TESTABILITY = YES;
				ENABLE_USER_SCRIPT_SANDBOXING = YES;
				GCC_C_LANGUAGE_STANDARD = gnu17;
				GCC_DYNAMIC_NO_PIC = NO;
				GCC_NO_COMMON_BLOCKS = YES;
				GCC_OPTIMIZATION_LEVEL = 0;
				GCC_PREPROCESSOR_DEFINITIONS = (
					"DEBUG=1",
					"$(inherited)",
				);
				GCC_WARN_64_TO_32_BIT_CONVERSION = YES;
				GCC_WARN_ABOUT_RETURN_TYPE = YES_ERROR;
				GCC_WARN_UNDECLARED_SELECTOR = YES;
				GCC_WARN_UNINITIALIZED_AUTOS = YES_AGGRESSIVE;
				GCC_WARN_UNUSED_FUNCTION = YES;
				GCC_WARN_UNUSED_VARIABLE = YES;
				IPHONEOS_DEPLOYMENT_TARGET = 17.5;
				LOCALIZATION_PREFERS_STRING_CATALOGS = YES;
				MTL_ENABLE_DEBUG_INFO = INCLUDE_SOURCE;
				MTL_FAST_MATH = YES;
				ONLY_ACTIVE_ARCH = YES;
				SDKROOT = iphoneos;
				SWIFT_ACTIVE_COMPILATION_CONDITIONS = "DEBUG $(inherited)";
				SWIFT_OPTIMIZATION_LEVEL = "-Onone";
			};
			name = Debug;
		};
		A65CC0712C3DD00000AD1711 /* Release */ = {
			isa = XCBuildConfiguration;
			buildSettings = {
				ALWAYS_SEARCH_USER_PATHS = NO;
				ASSETCATALOG_COMPILER_GENERATE_SWIFT_ASSET_SYMBOL_EXTENSIONS = YES;
				CLANG_ANALYZER_NONNULL = YES;
				CLANG_ANALYZER_NUMBER_OBJECT_CONVERSION = YES_AGGRESSIVE;
				CLANG_CXX_LANGUAGE_STANDARD = "gnu++20";
				CLANG_ENABLE_MODULES = YES;
				CLANG_ENABLE_OBJC_ARC = YES;
				CLANG_ENABLE_OBJC_WEAK = YES;
				CLANG_WARN_BLOCK_CAPTURE_AUTORELEASING = YES;
				CLANG_WARN_BOOL_CONVERSION = YES;
				CLANG_WARN_COMMA = YES;
				CLANG_WARN_CONSTANT_CONVERSION = YES;
				CLANG_WARN_DEPRECATED_OBJC_IMPLEMENTATIONS = YES;
				CLANG_WARN_DIRECT_OBJC_ISA_USAGE = YES_ERROR;
				CLANG_WARN_DOCUMENTATION_COMMENTS = YES;
				CLANG_WARN_EMPTY_BODY = YES;
				CLANG_WARN_ENUM_CONVERSION = YES;
				CLANG_WARN_INFINITE_RECURSION = YES;
				CLANG_WARN_INT_CONVERSION = YES;
				CLANG_WARN_NON_LITERAL_NULL_CONVERSION = YES;
				CLANG_WARN_OBJC_IMPLICIT_RETAIN_SELF = YES;
				CLANG_WARN_OBJC_LITERAL_CONVERSION = YES;
				CLANG_WARN_OBJC_ROOT_CLASS = YES_ERROR;
				CLANG_WARN_QUOTED_INCLUDE_IN_FRAMEWORK_HEADER = YES;
				CLANG_WARN_RANGE_LOOP_ANALYSIS = YES;
				CLANG_WARN_STRICT_PROTOTYPES = YES;
				CLANG_WARN_SUSPICIOUS_MOVE = YES;
				CLANG_WARN_UNGUARDED_AVAILABILITY = YES_AGGRESSIVE;
				CLANG_WARN_UNREACHABLE_CODE = YES;
				CLANG_WARN__DUPLICATE_METHOD_MATCH = YES;
				COPY_PHASE_STRIP = NO;
				DEBUG_INFORMATION_FORMAT = "dwarf-with-dsym";
				ENABLE_NS_ASSERTIONS = NO;
				ENABLE_STRICT_OBJC_MSGSEND = YES;
				ENABLE_USER_SCRIPT_SANDBOXING = YES;
				GCC_C_LANGUAGE_STANDARD = gnu17;
				GCC_NO_COMMON_BLOCKS = YES;
				GCC_WARN_64_TO_32_BIT_CONVERSION = YES;
				GCC_WARN_ABOUT_RETURN_TYPE = YES_ERROR;
				GCC_WARN_UNDECLARED_SELECTOR = YES;
				GCC_WARN_UNINITIALIZED_AUTOS = YES_AGGRESSIVE;
				GCC_WARN_UNUSED_FUNCTION = YES;
				GCC_WARN_UNUSED_VARIABLE = YES;
				IPHONEOS_DEPLOYMENT_TARGET = 17.5;
				LOCALIZATION_PREFERS_STRING_CATALOGS = YES;
				MTL_ENABLE_DEBUG_INFO = NO;
				MTL_FAST_MATH = YES;
				SDKROOT = iphoneos;
				SWIFT_COMPILATION_MODE = wholemodule;
				VALIDATE_PRODUCT = YES;
			};
			name = Release;
		};
		A65CC0732C3DD00000AD1711 /* Debug */ = {
			isa = XCBuildConfiguration;
			buildSettings = {
				ASSETCATALOG_COMPILER_APPICON_NAME = AppIcon;
				ASSETCATALOG_COMPILER_GLOBAL_ACCENT_COLOR_NAME = AccentColor;
				CODE_SIGN_STYLE = Automatic;
				CURRENT_PROJECT_VERSION = 1;
				DEVELOPMENT_ASSET_PATHS = "\"ScoutingReport/Preview Content\"";
				DEVELOPMENT_TEAM = G84JXVVV25;
				ENABLE_PREVIEWS = YES;
				GENERATE_INFOPLIST_FILE = YES;
				INFOPLIST_KEY_NSCameraUsageDescription = "We need access to your camera to scan Rainbow Six Siege scoreboards";
				INFOPLIST_KEY_UIApplicationSceneManifest_Generation = YES;
				INFOPLIST_KEY_UIApplicationSupportsIndirectInputEvents = YES;
				INFOPLIST_KEY_UILaunchScreen_Generation = YES;
				INFOPLIST_KEY_UILaunchStoryboardName = launch.storyboard;
				INFOPLIST_KEY_UISupportedInterfaceOrientations = UIInterfaceOrientationPortrait;
				IPHONEOS_DEPLOYMENT_TARGET = 16.0;
				LD_RUNPATH_SEARCH_PATHS = (
					"$(inherited)",
					"@executable_path/Frameworks",
				);
				MARKETING_VERSION = 1.0;
				PRODUCT_BUNDLE_IDENTIFIER = dev.montoyo.ScoutingReport;
				PRODUCT_NAME = "$(TARGET_NAME)";
				SWIFT_EMIT_LOC_STRINGS = YES;
				SWIFT_VERSION = 5.0;
				TARGETED_DEVICE_FAMILY = "1,2";
			};
			name = Debug;
		};
		A65CC0742C3DD00000AD1711 /* Release */ = {
			isa = XCBuildConfiguration;
			buildSettings = {
				ASSETCATALOG_COMPILER_APPICON_NAME = AppIcon;
				ASSETCATALOG_COMPILER_GLOBAL_ACCENT_COLOR_NAME = AccentColor;
				CODE_SIGN_STYLE = Automatic;
				CURRENT_PROJECT_VERSION = 1;
				DEVELOPMENT_ASSET_PATHS = "\"ScoutingReport/Preview Content\"";
				DEVELOPMENT_TEAM = G84JXVVV25;
				ENABLE_PREVIEWS = YES;
				GENERATE_INFOPLIST_FILE = YES;
				INFOPLIST_KEY_NSCameraUsageDescription = "We need access to your camera to scan Rainbow Six Siege scoreboards";
				INFOPLIST_KEY_UIApplicationSceneManifest_Generation = YES;
				INFOPLIST_KEY_UIApplicationSupportsIndirectInputEvents = YES;
				INFOPLIST_KEY_UILaunchScreen_Generation = YES;
				INFOPLIST_KEY_UILaunchStoryboardName = launch.storyboard;
				INFOPLIST_KEY_UISupportedInterfaceOrientations = UIInterfaceOrientationPortrait;
				IPHONEOS_DEPLOYMENT_TARGET = 16.0;
				LD_RUNPATH_SEARCH_PATHS = (
					"$(inherited)",
					"@executable_path/Frameworks",
				);
				MARKETING_VERSION = 1.0;
				PRODUCT_BUNDLE_IDENTIFIER = dev.montoyo.ScoutingReport;
				PRODUCT_NAME = "$(TARGET_NAME)";
				SWIFT_EMIT_LOC_STRINGS = YES;
				SWIFT_VERSION = 5.0;
				TARGETED_DEVICE_FAMILY = "1,2";
			};
			name = Release;
		};
/* End XCBuildConfiguration section */

/* Begin XCConfigurationList section */
		A65CC05F2C3DCFFE00AD1711 /* Build configuration list for PBXProject "ScoutingReport" */ = {
			isa = XCConfigurationList;
			buildConfigurations = (
				A65CC0702C3DD00000AD1711 /* Debug */,
				A65CC0712C3DD00000AD1711 /* Release */,
			);
			defaultConfigurationIsVisible = 0;
			defaultConfigurationName = Release;
		};
		A65CC0722C3DD00000AD1711 /* Build configuration list for PBXNativeTarget "ScoutingReport" */ = {
			isa = XCConfigurationList;
			buildConfigurations = (
				A65CC0732C3DD00000AD1711 /* Debug */,
				A65CC0742C3DD00000AD1711 /* Release */,
			);
			defaultConfigurationIsVisible = 0;
			defaultConfigurationName = Release;
		};
/* End XCConfigurationList section */
	};
	rootObject = A65CC05C2C3DCFFE00AD1711 /* Project object */;
}
